
Microsoft Visual Studio Solution File, Format Version 12.00
# Visual Studio Version 17
VisualStudioVersion = 17.5.33424.131
MinimumVisualStudioVersion = 10.0.40219.1
Project("{FAE04EC0-301F-11D3-BF4B-00C04F79EFBC}") = "Git", "Git\Git.csproj", "{A1FD79D0-C458-4769-87D3-B27F8FC0453E}"
EndProject
Global
	GlobalSection(SolutionConfigurationPlatforms) = preSolution
		Debug|Any CPU = Debug|Any CPU
		Release|Any CPU = Release|Any CPU
	EndGlobalSection
	GlobalSection(ProjectConfigurationPlatforms) = postSolution
		{A1FD79D0-C458-4769-87D3-B27F8FC0453E}.Debug|Any CPU.ActiveCfg = Debug|Any CPU
		{A1FD79D0-C458-4769-87D3-B27F8FC0453E}.Debug|Any CPU.Build.0 = Debug|Any CPU
		{A1FD79D0-C458-4769-87D3-B27F8FC0453E}.Release|Any CPU.ActiveCfg = Release|Any CPU
		{A1FD79D0-C458-4769-87D3-B27F8FC0453E}.Release|Any CPU.Build.0 = Release|Any CPU
	EndGlobalSection
	GlobalSection(SolutionProperties) = preSolution
		HideSolutionNode = FALSE
	EndGlobalSection
	GlobalSection(ExtensibilityGlobals) = postSolution
		SolutionGuid = {0D8DADBC-9022-44AC-9D1B-0977BD497555}
	EndGlobalSection
EndGlobal
